// !$*UTF8*$!
{
	archiveVersion = 1;
	classes = {
	};
	objectVersion = 56;
	objects = {

/* Begin PBXBuildFile section */
		346975542AF007B2001A0B8F /* AppDelegate.swift in Sources */ = {isa = PBXBuildFile; fileRef = 346975532AF007B2001A0B8F /* AppDelegate.swift */; };
		346975562AF007B2001A0B8F /* SceneDelegate.swift in Sources */ = {isa = PBXBuildFile; fileRef = 346975552AF007B2001A0B8F /* SceneDelegate.swift */; };
		346975582AF007B2001A0B8F /* ViewController.swift in Sources */ = {isa = PBXBuildFile; fileRef = 346975572AF007B2001A0B8F /* ViewController.swift */; };
		3469755B2AF007B2001A0B8F /* Main.storyboard in Resources */ = {isa = PBXBuildFile; fileRef = 346975592AF007B2001A0B8F /* Main.storyboard */; };
		3469755D2AF007B3001A0B8F /* Assets.xcassets in Resources */ = {isa = PBXBuildFile; fileRef = 3469755C2AF007B3001A0B8F /* Assets.xcassets */; };
		346975602AF007B3001A0B8F /* LaunchScreen.storyboard in Resources */ = {isa = PBXBuildFile; fileRef = 3469755E2AF007B3001A0B8F /* LaunchScreen.storyboard */; };
		346975682AF016E8001A0B8F /* AnaSayfaViewModel.swift in Sources */ = {isa = PBXBuildFile; fileRef = 346975672AF016E8001A0B8F /* AnaSayfaViewModel.swift */; };
		346975772AF01A76001A0B8F /* RxSwift in Frameworks */ = {isa = PBXBuildFile; productRef = 346975762AF01A76001A0B8F /* RxSwift */; settings = {ATTRIBUTES = (Required, ); }; };
		3469757F2AF01C6E001A0B8F /* MatematikRepository.swift in Sources */ = {isa = PBXBuildFile; fileRef = 3469757E2AF01C6E001A0B8F /* MatematikRepository.swift */; };
/* End PBXBuildFile section */

/* Begin PBXFileReference section */
		346975502AF007B2001A0B8F /* MVVMKullanimi.app */ = {isa = PBXFileReference; explicitFileType = wrapper.application; includeInIndex = 0; path = MVVMKullanimi.app; sourceTree = BUILT_PRODUCTS_DIR; };
		346975532AF007B2001A0B8F /* AppDelegate.swift */ = {isa = PBXFileReference; lastKnownFileType = sourcecode.swift; path = AppDelegate.swift; sourceTree = "<group>"; };
		346975552AF007B2001A0B8F /* SceneDelegate.swift */ = {isa = PBXFileReference; lastKnownFileType = sourcecode.swift; path = SceneDelegate.swift; sourceTree = "<group>"; };
		346975572AF007B2001A0B8F /* ViewController.swift */ = {isa = PBXFileReference; lastKnownFileType = sourcecode.swift; path = ViewController.swift; sourceTree = "<group>"; };
		3469755A2AF007B2001A0B8F /* Base */ = {isa = PBXFileReference; lastKnownFileType = file.storyboard; name = Base; path = Base.lproj/Main.storyboard; sourceTree = "<group>"; };
		3469755C2AF007B3001A0B8F /* Assets.xcassets */ = {isa = PBXFileReference; lastKnownFileType = folder.assetcatalog; path = Assets.xcassets; sourceTree = "<group>"; };
		3469755F2AF007B3001A0B8F /* Base */ = {isa = PBXFileReference; lastKnownFileType = file.storyboard; name = Base; path = Base.lproj/LaunchScreen.storyboard; sourceTree = "<group>"; };
		346975612AF007B3001A0B8F /* Info.plist */ = {isa = PBXFileReference; lastKnownFileType = text.plist.xml; path = Info.plist; sourceTree = "<group>"; };
		346975672AF016E8001A0B8F /* AnaSayfaViewModel.swift */ = {isa = PBXFileReference; lastKnownFileType = sourcecode.swift; path = AnaSayfaViewModel.swift; sourceTree = "<group>"; };
		3469757E2AF01C6E001A0B8F /* MatematikRepository.swift */ = {isa = PBXFileReference; lastKnownFileType = sourcecode.swift; path = MatematikRepository.swift; sourceTree = "<group>"; };
/* End PBXFileReference section */

/* Begin PBXFrameworksBuildPhase section */
		3469754D2AF007B2001A0B8F /* Frameworks */ = {
			isa = PBXFrameworksBuildPhase;
			buildActionMask = 2147483647;
			files = (
				346975772AF01A76001A0B8F /* RxSwift in Frameworks */,
			);
			runOnlyForDeploymentPostprocessing = 0;
		};
/* End PBXFrameworksBuildPhase section */

/* Begin PBXGroup section */
		346975472AF007B2001A0B8F = {
			isa = PBXGroup;
			children = (
				346975522AF007B2001A0B8F /* MVVMKullanimi */,
				346975512AF007B2001A0B8F /* Products */,
			);
			sourceTree = "<group>";
		};
		346975512AF007B2001A0B8F /* Products */ = {
			isa = PBXGroup;
			children = (
				346975502AF007B2001A0B8F /* MVVMKullanimi.app */,
			);
			name = Products;
			sourceTree = "<group>";
		};
		346975522AF007B2001A0B8F /* MVVMKullanimi */ = {
			isa = PBXGroup;
			children = (
				346975532AF007B2001A0B8F /* AppDelegate.swift */,
				346975552AF007B2001A0B8F /* SceneDelegate.swift */,
				346975572AF007B2001A0B8F /* ViewController.swift */,
				3469757E2AF01C6E001A0B8F /* MatematikRepository.swift */,
				346975672AF016E8001A0B8F /* AnaSayfaViewModel.swift */,
				346975592AF007B2001A0B8F /* Main.storyboard */,
				3469755C2AF007B3001A0B8F /* Assets.xcassets */,
				3469755E2AF007B3001A0B8F /* LaunchScreen.storyboard */,
				346975612AF007B3001A0B8F /* Info.plist */,
			);
			path = MVVMKullanimi;
			sourceTree = "<group>";
		};
/* End PBXGroup section */

/* Begin PBXNativeTarget section */
		3469754F2AF007B2001A0B8F /* MVVMKullanimi */ = {
			isa = PBXNativeTarget;
			buildConfigurationList = 346975642AF007B3001A0B8F /* Build configuration list for PBXNativeTarget "MVVMKullanimi" */;
			buildPhases = (
				3469754C2AF007B2001A0B8F /* Sources */,
				3469754D2AF007B2001A0B8F /* Frameworks */,
				3469754E2AF007B2001A0B8F /* Resources */,
			);
			buildRules = (
			);
			dependencies = (
			);
			name = MVVMKullanimi;
			packageProductDependencies = (
				346975762AF01A76001A0B8F /* RxSwift */,
			);
			productName = MVVMKullanimi;
			productReference = 346975502AF007B2001A0B8F /* MVVMKullanimi.app */;
			productType = "com.apple.product-type.application";
		};
/* End PBXNativeTarget section */

/* Begin PBXProject section */
		346975482AF007B2001A0B8F /* Project object */ = {
			isa = PBXProject;
			attributes = {
				BuildIndependentTargetsInParallel = 1;
				LastSwiftUpdateCheck = 1500;
				LastUpgradeCheck = 1500;
				TargetAttributes = {
					3469754F2AF007B2001A0B8F = {
						CreatedOnToolsVersion = 15.0.1;
					};
				};
			};
			buildConfigurationList = 3469754B2AF007B2001A0B8F /* Build configuration list for PBXProject "MVVMKullanimi" */;
			compatibilityVersion = "Xcode 14.0";
			developmentRegion = en;
			hasScannedForEncodings = 0;
			knownRegions = (
				en,
				Base,
			);
			mainGroup = 346975472AF007B2001A0B8F;
			packageReferences = (
				346975692AF01A76001A0B8F /* XCRemoteSwiftPackageReference "RxSwift" */,
			);
			productRefGroup = 346975512AF007B2001A0B8F /* Products */;
			projectDirPath = "";
			projectRoot = "";
			targets = (
				3469754F2AF007B2001A0B8F /* MVVMKullanimi */,
			);
		};
/* End PBXProject section */

/* Begin PBXResourcesBuildPhase section */
		3469754E2AF007B2001A0B8F /* Resources */ = {
			isa = PBXResourcesBuildPhase;
			buildActionMask = 2147483647;
			files = (
				346975602AF007B3001A0B8F /* LaunchScreen.storyboard in Resources */,
				3469755D2AF007B3001A0B8F /* Assets.xcassets in Resources */,
				3469755B2AF007B2001A0B8F /* Main.storyboard in Resources */,
			);
			runOnlyForDeploymentPostprocessing = 0;
		};
/* End PBXResourcesBuildPhase section */

/* Begin PBXSourcesBuildPhase section */
		3469754C2AF007B2001A0B8F /* Sources */ = {
			isa = PBXSourcesBuildPhase;
			buildActionMask = 2147483647;
			files = (
				346975582AF007B2001A0B8F /* ViewController.swift in Sources */,
				346975542AF007B2001A0B8F /* AppDelegate.swift in Sources */,
				346975682AF016E8001A0B8F /* AnaSayfaViewModel.swift in Sources */,
				346975562AF007B2001A0B8F /* SceneDelegate.swift in Sources */,
				3469757F2AF01C6E001A0B8F /* MatematikRepository.swift in Sources */,
			);
			runOnlyForDeploymentPostprocessing = 0;
		};
/* End PBXSourcesBuildPhase section */

/* Begin PBXVariantGroup section */
		346975592AF007B2001A0B8F /* Main.storyboard */ = {
			isa = PBXVariantGroup;
			children = (
				3469755A2AF007B2001A0B8F /* Base */,
			);
			name = Main.storyboard;
			sourceTree = "<group>";
		};
		3469755E2AF007B3001A0B8F /* LaunchScreen.storyboard */ = {
			isa = PBXVariantGroup;
			children = (
				3469755F2AF007B3001A0B8F /* Base */,
			);
			name = LaunchScreen.storyboard;
			sourceTree = "<group>";
		};
/* End PBXVariantGroup section */

/* Begin XCBuildConfiguration section */
		346975622AF007B3001A0B8F /* Debug */ = {
			isa = XCBuildConfiguration;
			buildSettings = {
				ALWAYS_SEARCH_USER_PATHS = NO;
				ASSETCATALOG_COMPILER_GENERATE_SWIFT_ASSET_SYMBOL_EXTENSIONS = YES;
				CLANG_ANALYZER_NONNULL = YES;
				CLANG_ANALYZER_NUMBER_OBJECT_CONVERSION = YES_AGGRESSIVE;
				CLANG_CXX_LANGUAGE_STANDARD = "gnu++20";
				CLANG_ENABLE_MODULES = YES;
				CLANG_ENABLE_OBJC_ARC = YES;
				CLANG_ENABLE_OBJC_WEAK = YES;
				CLANG_WARN_BLOCK_CAPTURE_AUTORELEASING = YES;
				CLANG_WARN_BOOL_CONVERSION = YES;
				CLANG_WARN_COMMA = YES;
				CLANG_WARN_CONSTANT_CONVERSION = YES;
				CLANG_WARN_DEPRECATED_OBJC_IMPLEMENTATIONS = YES;
				CLANG_WARN_DIRECT_OBJC_ISA_USAGE = YES_ERROR;
				CLANG_WARN_DOCUMENTATION_COMMENTS = YES;
				CLANG_WARN_EMPTY_BODY = YES;
				CLANG_WARN_ENUM_CONVERSION = YES;
				CLANG_WARN_INFINITE_RECURSION = YES;
				CLANG_WARN_INT_CONVERSION = YES;
				CLANG_WARN_NON_LITERAL_NULL_CONVERSION = YES;
				CLANG_WARN_OBJC_IMPLICIT_RETAIN_SELF = YES;
				CLANG_WARN_OBJC_LITERAL_CONVERSION = YES;
				CLANG_WARN_OBJC_ROOT_CLASS = YES_ERROR;
				CLANG_WARN_QUOTED_INCLUDE_IN_FRAMEWORK_HEADER = YES;
				CLANG_WARN_RANGE_LOOP_ANALYSIS = YES;
				CLANG_WARN_STRICT_PROTOTYPES = YES;
				CLANG_WARN_SUSPICIOUS_MOVE = YES;
				CLANG_WARN_UNGUARDED_AVAILABILITY = YES_AGGRESSIVE;
				CLANG_WARN_UNREACHABLE_CODE = YES;
				CLANG_WARN__DUPLICATE_METHOD_MATCH = YES;
				COPY_PHASE_STRIP = NO;
				DEBUG_INFORMATION_FORMAT = dwarf;
				ENABLE_STRICT_OBJC_MSGSEND = YES;
				ENABLE_TESTABILITY = YES;
				ENABLE_USER_SCRIPT_SANDBOXING = YES;
				GCC_C_LANGUAGE_STANDARD = gnu17;
				GCC_DYNAMIC_NO_PIC = NO;
				GCC_NO_COMMON_BLOCKS = YES;
				GCC_OPTIMIZATION_LEVEL = 0;
				GCC_PREPROCESSOR_DEFINITIONS = (
					"DEBUG=1",
					"$(inherited)",
				);
				GCC_WARN_64_TO_32_BIT_CONVERSION = YES;
				GCC_WARN_ABOUT_RETURN_TYPE = YES_ERROR;
				GCC_WARN_UNDECLARED_SELECTOR = YES;
				GCC_WARN_UNINITIALIZED_AUTOS = YES_AGGRESSIVE;
				GCC_WARN_UNUSED_FUNCTION = YES;
				GCC_WARN_UNUSED_VARIABLE = YES;
				IPHONEOS_DEPLOYMENT_TARGET = 17.0;
				LOCALIZATION_PREFERS_STRING_CATALOGS = YES;
				MTL_ENABLE_DEBUG_INFO = INCLUDE_SOURCE;
				MTL_FAST_MATH = YES;
				ONLY_ACTIVE_ARCH = YES;
				SDKROOT = iphoneos;
				SWIFT_ACTIVE_COMPILATION_CONDITIONS = "DEBUG $(inherited)";
				SWIFT_OPTIMIZATION_LEVEL = "-Onone";
			};
			name = Debug;
		};
		346975632AF007B3001A0B8F /* Release */ = {
			isa = XCBuildConfiguration;
			buildSettings = {
				ALWAYS_SEARCH_USER_PATHS = NO;
				ASSETCATALOG_COMPILER_GENERATE_SWIFT_ASSET_SYMBOL_EXTENSIONS = YES;
				CLANG_ANALYZER_NONNULL = YES;
				CLANG_ANALYZER_NUMBER_OBJECT_CONVERSION = YES_AGGRESSIVE;
				CLANG_CXX_LANGUAGE_STANDARD = "gnu++20";
				CLANG_ENABLE_MODULES = YES;
				CLANG_ENABLE_OBJC_ARC = YES;
				CLANG_ENABLE_OBJC_WEAK = YES;
				CLANG_WARN_BLOCK_CAPTURE_AUTORELEASING = YES;
				CLANG_WARN_BOOL_CONVERSION = YES;
				CLANG_WARN_COMMA = YES;
				CLANG_WARN_CONSTANT_CONVERSION = YES;
				CLANG_WARN_DEPRECATED_OBJC_IMPLEMENTATIONS = YES;
				CLANG_WARN_DIRECT_OBJC_ISA_USAGE = YES_ERROR;
				CLANG_WARN_DOCUMENTATION_COMMENTS = YES;
				CLANG_WARN_EMPTY_BODY = YES;
				CLANG_WARN_ENUM_CONVERSION = YES;
				CLANG_WARN_INFINITE_RECURSION = YES;
				CLANG_WARN_INT_CONVERSION = YES;
				CLANG_WARN_NON_LITERAL_NULL_CONVERSION = YES;
				CLANG_WARN_OBJC_IMPLICIT_RETAIN_SELF = YES;
				CLANG_WARN_OBJC_LITERAL_CONVERSION = YES;
				CLANG_WARN_OBJC_ROOT_CLASS = YES_ERROR;
				CLANG_WARN_QUOTED_INCLUDE_IN_FRAMEWORK_HEADER = YES;
				CLANG_WARN_RANGE_LOOP_ANALYSIS = YES;
				CLANG_WARN_STRICT_PROTOTYPES = YES;
				CLANG_WARN_SUSPICIOUS_MOVE = YES;
				CLANG_WARN_UNGUARDED_AVAILABILITY = YES_AGGRESSIVE;
				CLANG_WARN_UNREACHABLE_CODE = YES;
				CLANG_WARN__DUPLICATE_METHOD_MATCH = YES;
				COPY_PHASE_STRIP = NO;
				DEBUG_INFORMATION_FORMAT = "dwarf-with-dsym";
				ENABLE_NS_ASSERTIONS = NO;
				ENABLE_STRICT_OBJC_MSGSEND = YES;
				ENABLE_USER_SCRIPT_SANDBOXING = YES;
				GCC_C_LANGUAGE_STANDARD = gnu17;
				GCC_NO_COMMON_BLOCKS = YES;
				GCC_WARN_64_TO_32_BIT_CONVERSION = YES;
				GCC_WARN_ABOUT_RETURN_TYPE = YES_ERROR;
				GCC_WARN_UNDECLARED_SELECTOR = YES;
				GCC_WARN_UNINITIALIZED_AUTOS = YES_AGGRESSIVE;
				GCC_WARN_UNUSED_FUNCTION = YES;
				GCC_WARN_UNUSED_VARIABLE = YES;
				IPHONEOS_DEPLOYMENT_TARGET = 17.0;
				LOCALIZATION_PREFERS_STRING_CATALOGS = YES;
				MTL_ENABLE_DEBUG_INFO = NO;
				MTL_FAST_MATH = YES;
				SDKROOT = iphoneos;
				SWIFT_COMPILATION_MODE = wholemodule;
				VALIDATE_PRODUCT = YES;
			};
			name = Release;
		};
		346975652AF007B3001A0B8F /* Debug */ = {
			isa = XCBuildConfiguration;
			buildSettings = {
				ASSETCATALOG_COMPILER_APPICON_NAME = AppIcon;
				ASSETCATALOG_COMPILER_GLOBAL_ACCENT_COLOR_NAME = AccentColor;
				CODE_SIGN_STYLE = Automatic;
				CURRENT_PROJECT_VERSION = 1;
				DEVELOPMENT_TEAM = KF37U55MQ8;
				GENERATE_INFOPLIST_FILE = YES;
				INFOPLIST_FILE = MVVMKullanimi/Info.plist;
				INFOPLIST_KEY_UIApplicationSupportsIndirectInputEvents = YES;
				INFOPLIST_KEY_UILaunchStoryboardName = LaunchScreen;
				INFOPLIST_KEY_UIMainStoryboardFile = Main;
				INFOPLIST_KEY_UISupportedInterfaceOrientations_iPad = "UIInterfaceOrientationPortrait UIInterfaceOrientationPortraitUpsideDown UIInterfaceOrientationLandscapeLeft UIInterfaceOrientationLandscapeRight";
				INFOPLIST_KEY_UISupportedInterfaceOrientations_iPhone = "UIInterfaceOrientationPortrait UIInterfaceOrientationLandscapeLeft UIInterfaceOrientationLandscapeRight";
				LD_RUNPATH_SEARCH_PATHS = (
					"$(inherited)",
					"@executable_path/Frameworks",
				);
				MARKETING_VERSION = 1.0;
				PRODUCT_BUNDLE_IDENTIFIER = com.hakansezer.MVVMKullanimi;
				PRODUCT_NAME = "$(TARGET_NAME)";
				SWIFT_EMIT_LOC_STRINGS = YES;
				SWIFT_VERSION = 5.0;
				TARGETED_DEVICE_FAMILY = "1,2";
			};
			name = Debug;
		};
		346975662AF007B3001A0B8F /* Release */ = {
			isa = XCBuildConfiguration;
			buildSettings = {
				ASSETCATALOG_COMPILER_APPICON_NAME = AppIcon;
				ASSETCATALOG_COMPILER_GLOBAL_ACCENT_COLOR_NAME = AccentColor;
				CODE_SIGN_STYLE = Automatic;
				CURRENT_PROJECT_VERSION = 1;
				DEVELOPMENT_TEAM = KF37U55MQ8;
				GENERATE_INFOPLIST_FILE = YES;
				INFOPLIST_FILE = MVVMKullanimi/Info.plist;
				INFOPLIST_KEY_UIApplicationSupportsIndirectInputEvents = YES;
				INFOPLIST_KEY_UILaunchStoryboardName = LaunchScreen;
				INFOPLIST_KEY_UIMainStoryboardFile = Main;
				INFOPLIST_KEY_UISupportedInterfaceOrientations_iPad = "UIInterfaceOrientationPortrait UIInterfaceOrientationPortraitUpsideDown UIInterfaceOrientationLandscapeLeft UIInterfaceOrientationLandscapeRight";
				INFOPLIST_KEY_UISupportedInterfaceOrientations_iPhone = "UIInterfaceOrientationPortrait UIInterfaceOrientationLandscapeLeft UIInterfaceOrientationLandscapeRight";
				LD_RUNPATH_SEARCH_PATHS = (
					"$(inherited)",
					"@executable_path/Frameworks",
				);
				MARKETING_VERSION = 1.0;
				PRODUCT_BUNDLE_IDENTIFIER = com.hakansezer.MVVMKullanimi;
				PRODUCT_NAME = "$(TARGET_NAME)";
				SWIFT_EMIT_LOC_STRINGS = YES;
				SWIFT_VERSION = 5.0;
				TARGETED_DEVICE_FAMILY = "1,2";
			};
			name = Release;
		};
/* End XCBuildConfiguration section */

/* Begin XCConfigurationList section */
		3469754B2AF007B2001A0B8F /* Build configuration list for PBXProject "MVVMKullanimi" */ = {
			isa = XCConfigurationList;
			buildConfigurations = (
				346975622AF007B3001A0B8F /* Debug */,
				346975632AF007B3001A0B8F /* Release */,
			);
			defaultConfigurationIsVisible = 0;
			defaultConfigurationName = Release;
		};
		346975642AF007B3001A0B8F /* Build configuration list for PBXNativeTarget "MVVMKullanimi" */ = {
			isa = XCConfigurationList;
			buildConfigurations = (
				346975652AF007B3001A0B8F /* Debug */,
				346975662AF007B3001A0B8F /* Release */,
			);
			defaultConfigurationIsVisible = 0;
			defaultConfigurationName = Release;
		};
/* End XCConfigurationList section */

/* Begin XCRemoteSwiftPackageReference section */
		346975692AF01A76001A0B8F /* XCRemoteSwiftPackageReference "RxSwift" */ = {
			isa = XCRemoteSwiftPackageReference;
			repositoryURL = "https://github.com/ReactiveX/RxSwift";
			requirement = {
				kind = upToNextMajorVersion;
				minimumVersion = 6.6.0;
			};
		};
/* End XCRemoteSwiftPackageReference section */

/* Begin XCSwiftPackageProductDependency section */
		346975762AF01A76001A0B8F /* RxSwift */ = {
			isa = XCSwiftPackageProductDependency;
			package = 346975692AF01A76001A0B8F /* XCRemoteSwiftPackageReference "RxSwift" */;
			productName = RxSwift;
		};
/* End XCSwiftPackageProductDependency section */
	};
	rootObject = 346975482AF007B2001A0B8F /* Project object */;
}
