// !$*UTF8*$!
{
	archiveVersion = 1;
	classes = {
	};
	objectVersion = 56;
	objects = {

/* Begin PBXBuildFile section */
		341D13672AD8750E00601D85 /* AppDelegate.swift in Sources */ = {isa = PBXBuildFile; fileRef = 341D13662AD8750E00601D85 /* AppDelegate.swift */; };
		341D13692AD8750E00601D85 /* SceneDelegate.swift in Sources */ = {isa = PBXBuildFile; fileRef = 341D13682AD8750E00601D85 /* SceneDelegate.swift */; };
		341D136B2AD8750E00601D85 /* ViewController.swift in Sources */ = {isa = PBXBuildFile; fileRef = 341D136A2AD8750E00601D85 /* ViewController.swift */; };
		341D136E2AD8750E00601D85 /* Main.storyboard in Resources */ = {isa = PBXBuildFile; fileRef = 341D136C2AD8750E00601D85 /* Main.storyboard */; };
		341D13702AD8750F00601D85 /* Assets.xcassets in Resources */ = {isa = PBXBuildFile; fileRef = 341D136F2AD8750F00601D85 /* Assets.xcassets */; };
		341D13732AD8750F00601D85 /* LaunchScreen.storyboard in Resources */ = {isa = PBXBuildFile; fileRef = 341D13712AD8750F00601D85 /* LaunchScreen.storyboard */; };
		341D137C2AD878FE00601D85 /* PixelifySans-VariableFont_wght.ttf in Resources */ = {isa = PBXBuildFile; fileRef = 341D137B2AD878FE00601D85 /* PixelifySans-VariableFont_wght.ttf */; };
		341D137E2AD87BDB00601D85 /* AutourOne-Regular.ttf in Resources */ = {isa = PBXBuildFile; fileRef = 341D137D2AD87BDA00601D85 /* AutourOne-Regular.ttf */; };
/* End PBXBuildFile section */

/* Begin PBXFileReference section */
		341D13632AD8750E00601D85 /* Odev3- Tasarim.app */ = {isa = PBXFileReference; explicitFileType = wrapper.application; includeInIndex = 0; path = "Odev3- Tasarim.app"; sourceTree = BUILT_PRODUCTS_DIR; };
		341D13662AD8750E00601D85 /* AppDelegate.swift */ = {isa = PBXFileReference; lastKnownFileType = sourcecode.swift; path = AppDelegate.swift; sourceTree = "<group>"; };
		341D13682AD8750E00601D85 /* SceneDelegate.swift */ = {isa = PBXFileReference; lastKnownFileType = sourcecode.swift; path = SceneDelegate.swift; sourceTree = "<group>"; };
		341D136A2AD8750E00601D85 /* ViewController.swift */ = {isa = PBXFileReference; lastKnownFileType = sourcecode.swift; path = ViewController.swift; sourceTree = "<group>"; };
		341D136D2AD8750E00601D85 /* Base */ = {isa = PBXFileReference; lastKnownFileType = file.storyboard; name = Base; path = Base.lproj/Main.storyboard; sourceTree = "<group>"; };
		341D136F2AD8750F00601D85 /* Assets.xcassets */ = {isa = PBXFileReference; lastKnownFileType = folder.assetcatalog; path = Assets.xcassets; sourceTree = "<group>"; };
		341D13722AD8750F00601D85 /* Base */ = {isa = PBXFileReference; lastKnownFileType = file.storyboard; name = Base; path = Base.lproj/LaunchScreen.storyboard; sourceTree = "<group>"; };
		341D13742AD8750F00601D85 /* Info.plist */ = {isa = PBXFileReference; lastKnownFileType = text.plist.xml; path = Info.plist; sourceTree = "<group>"; };
		341D137B2AD878FE00601D85 /* PixelifySans-VariableFont_wght.ttf */ = {isa = PBXFileReference; lastKnownFileType = file; path = "PixelifySans-VariableFont_wght.ttf"; sourceTree = "<group>"; };
		341D137D2AD87BDA00601D85 /* AutourOne-Regular.ttf */ = {isa = PBXFileReference; lastKnownFileType = file; path = "AutourOne-Regular.ttf"; sourceTree = "<group>"; };
/* End PBXFileReference section */

/* Begin PBXFrameworksBuildPhase section */
		341D13602AD8750E00601D85 /* Frameworks */ = {
			isa = PBXFrameworksBuildPhase;
			buildActionMask = 2147483647;
			files = (
			);
			runOnlyForDeploymentPostprocessing = 0;
		};
/* End PBXFrameworksBuildPhase section */

/* Begin PBXGroup section */
		341D135A2AD8750E00601D85 = {
			isa = PBXGroup;
			children = (
				341D13652AD8750E00601D85 /* Odev3- Tasarim */,
				341D13642AD8750E00601D85 /* Products */,
			);
			sourceTree = "<group>";
		};
		341D13642AD8750E00601D85 /* Products */ = {
			isa = PBXGroup;
			children = (
				341D13632AD8750E00601D85 /* Odev3- Tasarim.app */,
			);
			name = Products;
			sourceTree = "<group>";
		};
		341D13652AD8750E00601D85 /* Odev3- Tasarim */ = {
			isa = PBXGroup;
			children = (
				341D13662AD8750E00601D85 /* AppDelegate.swift */,
				341D13682AD8750E00601D85 /* SceneDelegate.swift */,
				341D136A2AD8750E00601D85 /* ViewController.swift */,
				341D137A2AD878D000601D85 /* Font */,
				341D136C2AD8750E00601D85 /* Main.storyboard */,
				341D136F2AD8750F00601D85 /* Assets.xcassets */,
				341D13712AD8750F00601D85 /* LaunchScreen.storyboard */,
				341D13742AD8750F00601D85 /* Info.plist */,
			);
			path = "Odev3- Tasarim";
			sourceTree = "<group>";
		};
		341D137A2AD878D000601D85 /* Font */ = {
			isa = PBXGroup;
			children = (
				341D137D2AD87BDA00601D85 /* AutourOne-Regular.ttf */,
				341D137B2AD878FE00601D85 /* PixelifySans-VariableFont_wght.ttf */,
			);
			path = Font;
			sourceTree = "<group>";
		};
/* End PBXGroup section */

/* Begin PBXNativeTarget section */
		341D13622AD8750E00601D85 /* Odev3- Tasarim */ = {
			isa = PBXNativeTarget;
			buildConfigurationList = 341D13772AD8750F00601D85 /* Build configuration list for PBXNativeTarget "Odev3- Tasarim" */;
			buildPhases = (
				341D135F2AD8750E00601D85 /* Sources */,
				341D13602AD8750E00601D85 /* Frameworks */,
				341D13612AD8750E00601D85 /* Resources */,
			);
			buildRules = (
			);
			dependencies = (
			);
			name = "Odev3- Tasarim";
			productName = "Odev3- Tasarim";
			productReference = 341D13632AD8750E00601D85 /* Odev3- Tasarim.app */;
			productType = "com.apple.product-type.application";
		};
/* End PBXNativeTarget section */

/* Begin PBXProject section */
		341D135B2AD8750E00601D85 /* Project object */ = {
			isa = PBXProject;
			attributes = {
				BuildIndependentTargetsInParallel = 1;
				LastSwiftUpdateCheck = 1500;
				LastUpgradeCheck = 1500;
				TargetAttributes = {
					341D13622AD8750E00601D85 = {
						CreatedOnToolsVersion = 15.0;
					};
				};
			};
			buildConfigurationList = 341D135E2AD8750E00601D85 /* Build configuration list for PBXProject "Odev3- Tasarim" */;
			compatibilityVersion = "Xcode 14.0";
			developmentRegion = en;
			hasScannedForEncodings = 0;
			knownRegions = (
				en,
				Base,
			);
			mainGroup = 341D135A2AD8750E00601D85;
			productRefGroup = 341D13642AD8750E00601D85 /* Products */;
			projectDirPath = "";
			projectRoot = "";
			targets = (
				341D13622AD8750E00601D85 /* Odev3- Tasarim */,
			);
		};
/* End PBXProject section */

/* Begin PBXResourcesBuildPhase section */
		341D13612AD8750E00601D85 /* Resources */ = {
			isa = PBXResourcesBuildPhase;
			buildActionMask = 2147483647;
			files = (
				341D137C2AD878FE00601D85 /* PixelifySans-VariableFont_wght.ttf in Resources */,
				341D137E2AD87BDB00601D85 /* AutourOne-Regular.ttf in Resources */,
				341D13732AD8750F00601D85 /* LaunchScreen.storyboard in Resources */,
				341D13702AD8750F00601D85 /* Assets.xcassets in Resources */,
				341D136E2AD8750E00601D85 /* Main.storyboard in Resources */,
			);
			runOnlyForDeploymentPostprocessing = 0;
		};
/* End PBXResourcesBuildPhase section */

/* Begin PBXSourcesBuildPhase section */
		341D135F2AD8750E00601D85 /* Sources */ = {
			isa = PBXSourcesBuildPhase;
			buildActionMask = 2147483647;
			files = (
				341D136B2AD8750E00601D85 /* ViewController.swift in Sources */,
				341D13672AD8750E00601D85 /* AppDelegate.swift in Sources */,
				341D13692AD8750E00601D85 /* SceneDelegate.swift in Sources */,
			);
			runOnlyForDeploymentPostprocessing = 0;
		};
/* End PBXSourcesBuildPhase section */

/* Begin PBXVariantGroup section */
		341D136C2AD8750E00601D85 /* Main.storyboard */ = {
			isa = PBXVariantGroup;
			children = (
				341D136D2AD8750E00601D85 /* Base */,
			);
			name = Main.storyboard;
			sourceTree = "<group>";
		};
		341D13712AD8750F00601D85 /* LaunchScreen.storyboard */ = {
			isa = PBXVariantGroup;
			children = (
				341D13722AD8750F00601D85 /* Base */,
			);
			name = LaunchScreen.storyboard;
			sourceTree = "<group>";
		};
/* End PBXVariantGroup section */

/* Begin XCBuildConfiguration section */
		341D13752AD8750F00601D85 /* Debug */ = {
			isa = XCBuildConfiguration;
			buildSettings = {
				ALWAYS_SEARCH_USER_PATHS = NO;
				ASSETCATALOG_COMPILER_GENERATE_SWIFT_ASSET_SYMBOL_EXTENSIONS = YES;
				CLANG_ANALYZER_NONNULL = YES;
				CLANG_ANALYZER_NUMBER_OBJECT_CONVERSION = YES_AGGRESSIVE;
				CLANG_CXX_LANGUAGE_STANDARD = "gnu++20";
				CLANG_ENABLE_MODULES = YES;
				CLANG_ENABLE_OBJC_ARC = YES;
				CLANG_ENABLE_OBJC_WEAK = YES;
				CLANG_WARN_BLOCK_CAPTURE_AUTORELEASING = YES;
				CLANG_WARN_BOOL_CONVERSION = YES;
				CLANG_WARN_COMMA = YES;
				CLANG_WARN_CONSTANT_CONVERSION = YES;
				CLANG_WARN_DEPRECATED_OBJC_IMPLEMENTATIONS = YES;
				CLANG_WARN_DIRECT_OBJC_ISA_USAGE = YES_ERROR;
				CLANG_WARN_DOCUMENTATION_COMMENTS = YES;
				CLANG_WARN_EMPTY_BODY = YES;
				CLANG_WARN_ENUM_CONVERSION = YES;
				CLANG_WARN_INFINITE_RECURSION = YES;
				CLANG_WARN_INT_CONVERSION = YES;
				CLANG_WARN_NON_LITERAL_NULL_CONVERSION = YES;
				CLANG_WARN_OBJC_IMPLICIT_RETAIN_SELF = YES;
				CLANG_WARN_OBJC_LITERAL_CONVERSION = YES;
				CLANG_WARN_OBJC_ROOT_CLASS = YES_ERROR;
				CLANG_WARN_QUOTED_INCLUDE_IN_FRAMEWORK_HEADER = YES;
				CLANG_WARN_RANGE_LOOP_ANALYSIS = YES;
				CLANG_WARN_STRICT_PROTOTYPES = YES;
				CLANG_WARN_SUSPICIOUS_MOVE = YES;
				CLANG_WARN_UNGUARDED_AVAILABILITY = YES_AGGRESSIVE;
				CLANG_WARN_UNREACHABLE_CODE = YES;
				CLANG_WARN__DUPLICATE_METHOD_MATCH = YES;
				COPY_PHASE_STRIP = NO;
				DEBUG_INFORMATION_FORMAT = dwarf;
				ENABLE_STRICT_OBJC_MSGSEND = YES;
				ENABLE_TESTABILITY = YES;
				ENABLE_USER_SCRIPT_SANDBOXING = YES;
				GCC_C_LANGUAGE_STANDARD = gnu17;
				GCC_DYNAMIC_NO_PIC = NO;
				GCC_NO_COMMON_BLOCKS = YES;
				GCC_OPTIMIZATION_LEVEL = 0;
				GCC_PREPROCESSOR_DEFINITIONS = (
					"DEBUG=1",
					"$(inherited)",
				);
				GCC_WARN_64_TO_32_BIT_CONVERSION = YES;
				GCC_WARN_ABOUT_RETURN_TYPE = YES_ERROR;
				GCC_WARN_UNDECLARED_SELECTOR = YES;
				GCC_WARN_UNINITIALIZED_AUTOS = YES_AGGRESSIVE;
				GCC_WARN_UNUSED_FUNCTION = YES;
				GCC_WARN_UNUSED_VARIABLE = YES;
				IPHONEOS_DEPLOYMENT_TARGET = 17.0;
				LOCALIZATION_PREFERS_STRING_CATALOGS = YES;
				MTL_ENABLE_DEBUG_INFO = INCLUDE_SOURCE;
				MTL_FAST_MATH = YES;
				ONLY_ACTIVE_ARCH = YES;
				SDKROOT = iphoneos;
				SWIFT_ACTIVE_COMPILATION_CONDITIONS = "DEBUG $(inherited)";
				SWIFT_OPTIMIZATION_LEVEL = "-Onone";
			};
			name = Debug;
		};
		341D13762AD8750F00601D85 /* Release */ = {
			isa = XCBuildConfiguration;
			buildSettings = {
				ALWAYS_SEARCH_USER_PATHS = NO;
				ASSETCATALOG_COMPILER_GENERATE_SWIFT_ASSET_SYMBOL_EXTENSIONS = YES;
				CLANG_ANALYZER_NONNULL = YES;
				CLANG_ANALYZER_NUMBER_OBJECT_CONVERSION = YES_AGGRESSIVE;
				CLANG_CXX_LANGUAGE_STANDARD = "gnu++20";
				CLANG_ENABLE_MODULES = YES;
				CLANG_ENABLE_OBJC_ARC = YES;
				CLANG_ENABLE_OBJC_WEAK = YES;
				CLANG_WARN_BLOCK_CAPTURE_AUTORELEASING = YES;
				CLANG_WARN_BOOL_CONVERSION = YES;
				CLANG_WARN_COMMA = YES;
				CLANG_WARN_CONSTANT_CONVERSION = YES;
				CLANG_WARN_DEPRECATED_OBJC_IMPLEMENTATIONS = YES;
				CLANG_WARN_DIRECT_OBJC_ISA_USAGE = YES_ERROR;
				CLANG_WARN_DOCUMENTATION_COMMENTS = YES;
				CLANG_WARN_EMPTY_BODY = YES;
				CLANG_WARN_ENUM_CONVERSION = YES;
				CLANG_WARN_INFINITE_RECURSION = YES;
				CLANG_WARN_INT_CONVERSION = YES;
				CLANG_WARN_NON_LITERAL_NULL_CONVERSION = YES;
				CLANG_WARN_OBJC_IMPLICIT_RETAIN_SELF = YES;
				CLANG_WARN_OBJC_LITERAL_CONVERSION = YES;
				CLANG_WARN_OBJC_ROOT_CLASS = YES_ERROR;
				CLANG_WARN_QUOTED_INCLUDE_IN_FRAMEWORK_HEADER = YES;
				CLANG_WARN_RANGE_LOOP_ANALYSIS = YES;
				CLANG_WARN_STRICT_PROTOTYPES = YES;
				CLANG_WARN_SUSPICIOUS_MOVE = YES;
				CLANG_WARN_UNGUARDED_AVAILABILITY = YES_AGGRESSIVE;
				CLANG_WARN_UNREACHABLE_CODE = YES;
				CLANG_WARN__DUPLICATE_METHOD_MATCH = YES;
				COPY_PHASE_STRIP = NO;
				DEBUG_INFORMATION_FORMAT = "dwarf-with-dsym";
				ENABLE_NS_ASSERTIONS = NO;
				ENABLE_STRICT_OBJC_MSGSEND = YES;
				ENABLE_USER_SCRIPT_SANDBOXING = YES;
				GCC_C_LANGUAGE_STANDARD = gnu17;
				GCC_NO_COMMON_BLOCKS = YES;
				GCC_WARN_64_TO_32_BIT_CONVERSION = YES;
				GCC_WARN_ABOUT_RETURN_TYPE = YES_ERROR;
				GCC_WARN_UNDECLARED_SELECTOR = YES;
				GCC_WARN_UNINITIALIZED_AUTOS = YES_AGGRESSIVE;
				GCC_WARN_UNUSED_FUNCTION = YES;
				GCC_WARN_UNUSED_VARIABLE = YES;
				IPHONEOS_DEPLOYMENT_TARGET = 17.0;
				LOCALIZATION_PREFERS_STRING_CATALOGS = YES;
				MTL_ENABLE_DEBUG_INFO = NO;
				MTL_FAST_MATH = YES;
				SDKROOT = iphoneos;
				SWIFT_COMPILATION_MODE = wholemodule;
				VALIDATE_PRODUCT = YES;
			};
			name = Release;
		};
		341D13782AD8750F00601D85 /* Debug */ = {
			isa = XCBuildConfiguration;
			buildSettings = {
				ASSETCATALOG_COMPILER_APPICON_NAME = AppIcon;
				ASSETCATALOG_COMPILER_GLOBAL_ACCENT_COLOR_NAME = AccentColor;
				CODE_SIGN_STYLE = Automatic;
				CURRENT_PROJECT_VERSION = 1;
				DEVELOPMENT_TEAM = KF37U55MQ8;
				GENERATE_INFOPLIST_FILE = YES;
				INFOPLIST_FILE = "Odev3- Tasarim/Info.plist";
				INFOPLIST_KEY_UIApplicationSupportsIndirectInputEvents = YES;
				INFOPLIST_KEY_UILaunchStoryboardName = LaunchScreen;
				INFOPLIST_KEY_UIMainStoryboardFile = Main;
				INFOPLIST_KEY_UISupportedInterfaceOrientations_iPad = "UIInterfaceOrientationPortrait UIInterfaceOrientationPortraitUpsideDown UIInterfaceOrientationLandscapeLeft UIInterfaceOrientationLandscapeRight";
				INFOPLIST_KEY_UISupportedInterfaceOrientations_iPhone = "UIInterfaceOrientationPortrait UIInterfaceOrientationLandscapeLeft UIInterfaceOrientationLandscapeRight";
				LD_RUNPATH_SEARCH_PATHS = (
					"$(inherited)",
					"@executable_path/Frameworks",
				);
				MARKETING_VERSION = 1.0;
				PRODUCT_BUNDLE_IDENTIFIER = "com.hakansezer.Odev3--Tasarim";
				PRODUCT_NAME = "$(TARGET_NAME)";
				SWIFT_EMIT_LOC_STRINGS = YES;
				SWIFT_VERSION = 5.0;
				TARGETED_DEVICE_FAMILY = "1,2";
			};
			name = Debug;
		};
		341D13792AD8750F00601D85 /* Release */ = {
			isa = XCBuildConfiguration;
			buildSettings = {
				ASSETCATALOG_COMPILER_APPICON_NAME = AppIcon;
				ASSETCATALOG_COMPILER_GLOBAL_ACCENT_COLOR_NAME = AccentColor;
				CODE_SIGN_STYLE = Automatic;
				CURRENT_PROJECT_VERSION = 1;
				DEVELOPMENT_TEAM = KF37U55MQ8;
				GENERATE_INFOPLIST_FILE = YES;
				INFOPLIST_FILE = "Odev3- Tasarim/Info.plist";
				INFOPLIST_KEY_UIApplicationSupportsIndirectInputEvents = YES;
				INFOPLIST_KEY_UILaunchStoryboardName = LaunchScreen;
				INFOPLIST_KEY_UIMainStoryboardFile = Main;
				INFOPLIST_KEY_UISupportedInterfaceOrientations_iPad = "UIInterfaceOrientationPortrait UIInterfaceOrientationPortraitUpsideDown UIInterfaceOrientationLandscapeLeft UIInterfaceOrientationLandscapeRight";
				INFOPLIST_KEY_UISupportedInterfaceOrientations_iPhone = "UIInterfaceOrientationPortrait UIInterfaceOrientationLandscapeLeft UIInterfaceOrientationLandscapeRight";
				LD_RUNPATH_SEARCH_PATHS = (
					"$(inherited)",
					"@executable_path/Frameworks",
				);
				MARKETING_VERSION = 1.0;
				PRODUCT_BUNDLE_IDENTIFIER = "com.hakansezer.Odev3--Tasarim";
				PRODUCT_NAME = "$(TARGET_NAME)";
				SWIFT_EMIT_LOC_STRINGS = YES;
				SWIFT_VERSION = 5.0;
				TARGETED_DEVICE_FAMILY = "1,2";
			};
			name = Release;
		};
/* End XCBuildConfiguration section */

/* Begin XCConfigurationList section */
		341D135E2AD8750E00601D85 /* Build configuration list for PBXProject "Odev3- Tasarim" */ = {
			isa = XCConfigurationList;
			buildConfigurations = (
				341D13752AD8750F00601D85 /* Debug */,
				341D13762AD8750F00601D85 /* Release */,
			);
			defaultConfigurationIsVisible = 0;
			defaultConfigurationName = Release;
		};
		341D13772AD8750F00601D85 /* Build configuration list for PBXNativeTarget "Odev3- Tasarim" */ = {
			isa = XCConfigurationList;
			buildConfigurations = (
				341D13782AD8750F00601D85 /* Debug */,
				341D13792AD8750F00601D85 /* Release */,
			);
			defaultConfigurationIsVisible = 0;
			defaultConfigurationName = Release;
		};
/* End XCConfigurationList section */
	};
	rootObject = 341D135B2AD8750E00601D85 /* Project object */;
}
